{
  "name": "onlinedb",
  "version": "1.0.0",
  "lockfileVersion": 2,
  "requires": true,
  "packages": {
    "": {
      "name": "onlinedb",
      "version": "1.0.0",
      "license": "ISC",
      "dependencies": {
        "fpdb": "^1.0.3"
      }
    },
    "node_modules/fpdb": {
      "version": "1.0.3",
      "resolved": "https://registry.npmjs.org/fpdb/-/fpdb-1.0.3.tgz",
      "integrity": "sha512-eHNCccB+49Izf3XnLwGkhAiJB96SF4hDL/b8oWAtcVsr27UftJ9aymwg+9A5tbtZ6AHD4Yln2BlgAyLrc26qJw=="
    }
  },
  "dependencies": {
    "fpdb": {
      "version": "1.0.3",
      "resolved": "https://registry.npmjs.org/fpdb/-/fpdb-1.0.3.tgz",
      "integrity": "sha512-eHNCccB+49Izf3XnLwGkhAiJB96SF4hDL/b8oWAtcVsr27UftJ9aymwg+9A5tbtZ6AHD4Yln2BlgAyLrc26qJw=="
    }
  }
}
